
Microsoft Visual Studio Solution File, Format Version 12.00
# Visual Studio Version 17
VisualStudioVersion = 17.14.36705.20 d17.14
MinimumVisualStudioVersion = 10.0.40219.1
Project("{FAE04EC0-301F-11D3-BF4B-00C04F79EFBC}") = "CatResort", "CatResort.csproj", "{602303EC-ABAE-41F5-9DF5-90875E345B08}"
EndProject
Global
	GlobalSection(SolutionConfigurationPlatforms) = preSolution
		Debug|Any CPU = Debug|Any CPU
		Release|Any CPU = Release|Any CPU
	EndGlobalSection
	GlobalSection(ProjectConfigurationPlatforms) = postSolution
		{602303EC-ABAE-41F5-9DF5-90875E345B08}.Debug|Any CPU.ActiveCfg = Debug|Any CPU
		{602303EC-ABAE-41F5-9DF5-90875E345B08}.Debug|Any CPU.Build.0 = Debug|Any CPU
		{602303EC-ABAE-41F5-9DF5-90875E345B08}.Release|Any CPU.ActiveCfg = Release|Any CPU
		{602303EC-ABAE-41F5-9DF5-90875E345B08}.Release|Any CPU.Build.0 = Release|Any CPU
	EndGlobalSection
	GlobalSection(SolutionProperties) = preSolution
		HideSolutionNode = FALSE
	EndGlobalSection
	GlobalSection(ExtensibilityGlobals) = postSolution
		SolutionGuid = {EE223047-9239-43FC-89CC-85F4312410CD}
	EndGlobalSection
EndGlobal
